
Microsoft Visual Studio Solution File, Format Version 12.00
# Visual Studio 2013
VisualStudioVersion = 12.0.21005.1
MinimumVisualStudioVersion = 10.0.40219.1
Project("{E24C65DC-7377-472B-9ABA-BC803B73C61A}") = "componentExample(1)", "..\", "{F14C7690-EFE0-4E20-84EF-D7BCE29D9005}"
	ProjectSection(WebsiteProperties) = preProject
		TargetFrameworkMoniker = ".NETFramework,Version%3Dv4.0"
		ProjectReferences = "{A36F87DD-F3B4-4536-86B6-687A0F557548}|MyStorage.dll;"
		Debug.AspNetCompiler.VirtualPath = "/componentExample"
		Debug.AspNetCompiler.PhysicalPath = "..\..\componentExample\"
		Debug.AspNetCompiler.TargetPath = "PrecompiledWeb\componentExample\"
		Debug.AspNetCompiler.Updateable = "true"
		Debug.AspNetCompiler.ForceOverwrite = "true"
		Debug.AspNetCompiler.FixedNames = "false"
		Debug.AspNetCompiler.Debug = "True"
		Release.AspNetCompiler.VirtualPath = "/componentExample"
		Release.AspNetCompiler.PhysicalPath = "..\..\componentExample\"
		Release.AspNetCompiler.TargetPath = "PrecompiledWeb\componentExample\"
		Release.AspNetCompiler.Updateable = "true"
		Release.AspNetCompiler.ForceOverwrite = "true"
		Release.AspNetCompiler.FixedNames = "false"
		Release.AspNetCompiler.Debug = "False"
		VWDPort = "1546"
		SlnRelativePath = "..\..\componentExample\"
	EndProjectSection
EndProject
Project("{FAE04EC0-301F-11D3-BF4B-00C04F79EFBC}") = "MyStorage", "MyStorage.csproj", "{A36F87DD-F3B4-4536-86B6-687A0F557548}"
EndProject
Global
	GlobalSection(SolutionConfigurationPlatforms) = preSolution
		Debug|Any CPU = Debug|Any CPU
		Release|Any CPU = Release|Any CPU
	EndGlobalSection
	GlobalSection(ProjectConfigurationPlatforms) = postSolution
		{F14C7690-EFE0-4E20-84EF-D7BCE29D9005}.Debug|Any CPU.ActiveCfg = Debug|Any CPU
		{F14C7690-EFE0-4E20-84EF-D7BCE29D9005}.Debug|Any CPU.Build.0 = Debug|Any CPU
		{F14C7690-EFE0-4E20-84EF-D7BCE29D9005}.Release|Any CPU.ActiveCfg = Debug|Any CPU
		{F14C7690-EFE0-4E20-84EF-D7BCE29D9005}.Release|Any CPU.Build.0 = Debug|Any CPU
		{A36F87DD-F3B4-4536-86B6-687A0F557548}.Debug|Any CPU.ActiveCfg = Debug|Any CPU
		{A36F87DD-F3B4-4536-86B6-687A0F557548}.Debug|Any CPU.Build.0 = Debug|Any CPU
		{A36F87DD-F3B4-4536-86B6-687A0F557548}.Release|Any CPU.ActiveCfg = Release|Any CPU
		{A36F87DD-F3B4-4536-86B6-687A0F557548}.Release|Any CPU.Build.0 = Release|Any CPU
	EndGlobalSection
	GlobalSection(SolutionProperties) = preSolution
		HideSolutionNode = FALSE
	EndGlobalSection
EndGlobal
