
Microsoft Visual Studio Solution File, Format Version 12.00
# Visual Studio 14
VisualStudioVersion = 14.0.25420.1
MinimumVisualStudioVersion = 10.0.40219.1
Project("{FAE04EC0-301F-11D3-BF4B-00C04F79EFBC}") = "PhotoSharingApplication", "PhotoSharingApplication\PhotoSharingApplication.csproj", "{4A178C58-A528-49BF-AA07-BBD5C1526447}"
EndProject
Project("{FAE04EC0-301F-11D3-BF4B-00C04F79EFBC}") = "PhotoSharingTests", "PhotoSharingTests\PhotoSharingTests.csproj", "{AB0968E5-3D22-4CF9-AF8B-DB27C0B82629}"
EndProject
Project("{CC5FD16D-436D-48AD-A40C-5A424C6E3E79}") = "AzureCloudService1", "AzureCloudService1\AzureCloudService1.ccproj", "{CEC09369-9653-47D4-86BC-4FF0260A6536}"
EndProject
Global
	GlobalSection(SolutionConfigurationPlatforms) = preSolution
		Debug|Any CPU = Debug|Any CPU
		Release|Any CPU = Release|Any CPU
	EndGlobalSection
	GlobalSection(ProjectConfigurationPlatforms) = postSolution
		{4A178C58-A528-49BF-AA07-BBD5C1526447}.Debug|Any CPU.ActiveCfg = Debug|Any CPU
		{4A178C58-A528-49BF-AA07-BBD5C1526447}.Debug|Any CPU.Build.0 = Debug|Any CPU
		{4A178C58-A528-49BF-AA07-BBD5C1526447}.Release|Any CPU.ActiveCfg = Release|Any CPU
		{4A178C58-A528-49BF-AA07-BBD5C1526447}.Release|Any CPU.Build.0 = Release|Any CPU
		{AB0968E5-3D22-4CF9-AF8B-DB27C0B82629}.Debug|Any CPU.ActiveCfg = Debug|Any CPU
		{AB0968E5-3D22-4CF9-AF8B-DB27C0B82629}.Debug|Any CPU.Build.0 = Debug|Any CPU
		{AB0968E5-3D22-4CF9-AF8B-DB27C0B82629}.Release|Any CPU.ActiveCfg = Release|Any CPU
		{AB0968E5-3D22-4CF9-AF8B-DB27C0B82629}.Release|Any CPU.Build.0 = Release|Any CPU
		{CEC09369-9653-47D4-86BC-4FF0260A6536}.Debug|Any CPU.ActiveCfg = Debug|Any CPU
		{CEC09369-9653-47D4-86BC-4FF0260A6536}.Debug|Any CPU.Build.0 = Debug|Any CPU
		{CEC09369-9653-47D4-86BC-4FF0260A6536}.Release|Any CPU.ActiveCfg = Release|Any CPU
		{CEC09369-9653-47D4-86BC-4FF0260A6536}.Release|Any CPU.Build.0 = Release|Any CPU
	EndGlobalSection
	GlobalSection(SolutionProperties) = preSolution
		HideSolutionNode = FALSE
	EndGlobalSection
EndGlobal
